{
  "lockfileVersion": 1,
  "configVersion": 1,
  "workspaces": {
    "": {
      "name": "sg-forge-monorepo",
      "devDependencies": {
        "@types/node": "^22.0.0",
        "typescript": "^5.6.3",
      },
    },
    "apps/auth": {
      "name": "@forge/auth",
      "version": "2.0.0",
      "dependencies": {
        "@forge/types": "workspace:*",
      },
    },
    "apps/dev-dashboard": {
      "name": "@forge/dev-dashboard",
      "version": "2.0.0",
      "dependencies": {
        "@forge/types": "workspace:*",
        "@forge/ui": "workspace:*",
      },
    },
    "apps/dev-hub": {
      "name": "@forge/dev-hub",
      "version": "2.0.0",
      "dependencies": {
        "@forge/sdk": "workspace:*",
        "@forge/types": "workspace:*",
        "@forge/ui": "workspace:*",
      },
    },
    "apps/landing": {
      "name": "@forge/landing",
      "version": "2.0.0",
      "dependencies": {
        "@forge/types": "workspace:*",
        "@forge/ui": "workspace:*",
      },
    },
    "apps/portal": {
      "name": "@forge/portal",
      "version": "2.0.0",
      "dependencies": {
        "@forge/sdk": "workspace:*",
        "@forge/types": "workspace:*",
        "@forge/ui": "workspace:*",
      },
    },
    "apps/sdk": {
      "name": "@forge/sdk",
      "version": "2.0.0",
      "dependencies": {
        "@forge/types": "workspace:*",
      },
    },
    "apps/types": {
      "name": "@forge/types",
      "version": "2.0.0",
    },
    "apps/ui": {
      "name": "@forge/ui",
      "version": "2.0.0",
    },
    "forge-apps/app-template": {
      "name": "@forge-apps/template",
      "version": "1.0.0",
      "dependencies": {
        "@forge/sdk": "workspace:*",
        "@forge/types": "workspace:*",
        "@forge/ui": "workspace:*",
      },
    },
  },
  "packages": {
    "@forge-apps/template": ["@forge-apps/template@workspace:forge-apps/app-template"],

    "@forge/auth": ["@forge/auth@workspace:apps/auth"],

    "@forge/dev-dashboard": ["@forge/dev-dashboard@workspace:apps/dev-dashboard"],

    "@forge/dev-hub": ["@forge/dev-hub@workspace:apps/dev-hub"],

    "@forge/landing": ["@forge/landing@workspace:apps/landing"],

    "@forge/portal": ["@forge/portal@workspace:apps/portal"],

    "@forge/sdk": ["@forge/sdk@workspace:apps/sdk"],

    "@forge/types": ["@forge/types@workspace:apps/types"],

    "@forge/ui": ["@forge/ui@workspace:apps/ui"],

    "@types/node": ["@types/node@22.20.1", "", { "dependencies": { "undici-types": "~6.21.0" } }, "sha512-EANqOCF9QFyra+4pfxUcX9STKJpCLjMbObVzljIJomAWSnuSIEAvyzEU53GaajbXJEgdh0iEcPL+DGvpUd4k1Q=="],

    "typescript": ["typescript@5.9.3", "", { "bin": { "tsc": "bin/tsc", "tsserver": "bin/tsserver" } }, "sha512-jl1vZzPDinLr9eUt3J/t7V6FgNEw9QjvBPdysz9KfQDD41fQrC2Y4vKQdiaUpFT4bXlb1RHhLpp8wtm6M5TgSw=="],

    "undici-types": ["undici-types@6.21.0", "", {}, "sha512-iwDZqg0QAGrg9Rav5H4n0M64c3mkR59cJ6wQp+7C4nI0gsmExaedaYLNO44eT4AtBBwjbTiGPMlt2Md0T9H9JQ=="],
  }
}
